
Microsoft Visual Studio Solution File, Format Version 12.00
# Visual Studio Version 17
VisualStudioVersion = 17.11.35327.3
MinimumVisualStudioVersion = 10.0.40219.1
Project("{9A19103F-16F7-4668-BE54-9A1E7A4F7556}") = "Knuckle.Is.Bones.OpenGL", "Knuckle.Is.Bones.OpenGL\Knuckle.Is.Bones.OpenGL.csproj", "{B4AB0EFF-7F14-4B7B-9184-F6A0A77B0A89}"
EndProject
Project("{9A19103F-16F7-4668-BE54-9A1E7A4F7556}") = "Knuckle.Is.Bones.Core", "Knuckle.Is.Bones.Core\Knuckle.Is.Bones.Core.csproj", "{4536E184-7752-4DB1-8ABD-479EEE08F1FA}"
EndProject
Project("{2150E333-8FDC-42A3-9474-1A3956D46DE8}") = "Solution Items", "Solution Items", "{5D8C619D-5A84-4A7F-A376-4E5D0EDAF234}"
	ProjectSection(SolutionItems) = preProject
		.gitignore = .gitignore
		.github\workflows\dotnet-desktop.yml = .github\workflows\dotnet-desktop.yml
		LICENSE.txt = LICENSE.txt
		README.md = README.md
	EndProjectSection
EndProject
Global
	GlobalSection(SolutionConfigurationPlatforms) = preSolution
		Debug|Any CPU = Debug|Any CPU
		Release|Any CPU = Release|Any CPU
	EndGlobalSection
	GlobalSection(ProjectConfigurationPlatforms) = postSolution
		{B4AB0EFF-7F14-4B7B-9184-F6A0A77B0A89}.Debug|Any CPU.ActiveCfg = Debug|Any CPU
		{B4AB0EFF-7F14-4B7B-9184-F6A0A77B0A89}.Debug|Any CPU.Build.0 = Debug|Any CPU
		{B4AB0EFF-7F14-4B7B-9184-F6A0A77B0A89}.Release|Any CPU.ActiveCfg = Release|Any CPU
		{B4AB0EFF-7F14-4B7B-9184-F6A0A77B0A89}.Release|Any CPU.Build.0 = Release|Any CPU
		{4536E184-7752-4DB1-8ABD-479EEE08F1FA}.Debug|Any CPU.ActiveCfg = Debug|Any CPU
		{4536E184-7752-4DB1-8ABD-479EEE08F1FA}.Debug|Any CPU.Build.0 = Debug|Any CPU
		{4536E184-7752-4DB1-8ABD-479EEE08F1FA}.Release|Any CPU.ActiveCfg = Release|Any CPU
		{4536E184-7752-4DB1-8ABD-479EEE08F1FA}.Release|Any CPU.Build.0 = Release|Any CPU
	EndGlobalSection
	GlobalSection(SolutionProperties) = preSolution
		HideSolutionNode = FALSE
	EndGlobalSection
	GlobalSection(ExtensibilityGlobals) = postSolution
		SolutionGuid = {876DEB2F-99C6-4ABA-9FEE-9190361577CE}
	EndGlobalSection
EndGlobal
